
Microsoft Visual Studio Solution File, Format Version 12.00
# Visual Studio Version 16
VisualStudioVersion = 16.0.29424.173
MinimumVisualStudioVersion = 10.0.40219.1
Project("{9A19103F-16F7-4668-BE54-9A1E7A4F7556}") = "MTBot", "MTBot\MTBot.csproj", "{9FAB0FF0-536A-41C1-8369-2686E798F634}"
EndProject
Global
	GlobalSection(SolutionConfigurationPlatforms) = preSolution
		Debug|Any CPU = Debug|Any CPU
		Release|Any CPU = Release|Any CPU
	EndGlobalSection
	GlobalSection(ProjectConfigurationPlatforms) = postSolution
		{9FAB0FF0-536A-41C1-8369-2686E798F634}.Debug|Any CPU.ActiveCfg = Debug|Any CPU
		{9FAB0FF0-536A-41C1-8369-2686E798F634}.Debug|Any CPU.Build.0 = Debug|Any CPU
		{9FAB0FF0-536A-41C1-8369-2686E798F634}.Release|Any CPU.ActiveCfg = Release|Any CPU
		{9FAB0FF0-536A-41C1-8369-2686E798F634}.Release|Any CPU.Build.0 = Release|Any CPU
	EndGlobalSection
	GlobalSection(SolutionProperties) = preSolution
		HideSolutionNode = FALSE
	EndGlobalSection
	GlobalSection(ExtensibilityGlobals) = postSolution
		SolutionGuid = {A77C0C0A-D4B1-41DC-9099-DB6A541A9C2B}
	EndGlobalSection
EndGlobal
